{
  "originHash" : "f89293ce99621636342b6a1c85bbd868c8eed1385e51c6c489b3c948f73deebc",
  "pins" : [
    {
      "identity" : "keychainaccess",
      "kind" : "remoteSourceControl",
      "location" : "https://github.com/kishikawakatsumi/KeychainAccess",
      "state" : {
        "revision" : "84e546727d66f1adc5439debad16270d0fdd04e7",
        "version" : "4.2.2"
      }
    }
  ],
  "version" : 3
}
